// !$*UTF8*$!
{
	archiveVersion = 1;
	classes = {
	};
	objectVersion = 54;
	objects = {

/* Begin PBXBuildFile section */
		B579196C25D0F8F900387324 /* LockScreenController.swift in Sources */ = {isa = PBXBuildFile; fileRef = B579196B25D0F8F900387324 /* LockScreenController.swift */; };
		B5CA1ACC2090CE0F00C81085 /* AppDelegate.swift in Sources */ = {isa = PBXBuildFile; fileRef = B5CA1ACB2090CE0F00C81085 /* AppDelegate.swift */; };
		B5CA1ACE2090CE0F00C81085 /* ViewController.swift in Sources */ = {isa = PBXBuildFile; fileRef = B5CA1ACD2090CE0F00C81085 /* ViewController.swift */; };
		B5CA1AD02090CE0F00C81085 /* Assets.xcassets in Resources */ = {isa = PBXBuildFile; fileRef = B5CA1ACF2090CE0F00C81085 /* Assets.xcassets */; };
		B5CA1AD32090CE0F00C81085 /* Main.storyboard in Resources */ = {isa = PBXBuildFile; fileRef = B5CA1AD12090CE0F00C81085 /* Main.storyboard */; };
		B5CA1ADB2090CF4D00C81085 /* scripts in Resources */ = {isa = PBXBuildFile; fileRef = B5CA1ADA2090CF4D00C81085 /* scripts */; };
		B5CA1ADF209120EA00C81085 /* MigrateAsst.png in Resources */ = {isa = PBXBuildFile; fileRef = B5CA1ADE209120EA00C81085 /* MigrateAsst.png */; };
		B5CA1AE12091215700C81085 /* logo.png in Resources */ = {isa = PBXBuildFile; fileRef = B5CA1AE02091215700C81085 /* logo.png */; };
		CE724F3E2CF0551300828330 /* Function.swift in Sources */ = {isa = PBXBuildFile; fileRef = CE724F3D2CF054FC00828330 /* Function.swift */; };
		CE724F402CF15A1600828330 /* Credentials.swift in Sources */ = {isa = PBXBuildFile; fileRef = CE724F3F2CF15A1600828330 /* Credentials.swift */; };
		CE724F422CF15AC900828330 /* WriteToLog.swift in Sources */ = {isa = PBXBuildFile; fileRef = CE724F412CF15AC900828330 /* WriteToLog.swift */; };
		CE724F442CF15C3A00828330 /* TimeDelegate.swift in Sources */ = {isa = PBXBuildFile; fileRef = CE724F432CF15C3A00828330 /* TimeDelegate.swift */; };
/* End PBXBuildFile section */

/* Begin PBXFileReference section */
		B53AD9D422E1EC7E00C7CD02 /* Mobile to Local.entitlements */ = {isa = PBXFileReference; lastKnownFileType = text.plist.entitlements; path = "Mobile to Local.entitlements"; sourceTree = "<group>"; };
		B579196B25D0F8F900387324 /* LockScreenController.swift */ = {isa = PBXFileReference; lastKnownFileType = sourcecode.swift; path = LockScreenController.swift; sourceTree = "<group>"; };
		B5CA1AC82090CE0F00C81085 /* Mobile to Local.app */ = {isa = PBXFileReference; explicitFileType = wrapper.application; includeInIndex = 0; path = "Mobile to Local.app"; sourceTree = BUILT_PRODUCTS_DIR; };
		B5CA1ACB2090CE0F00C81085 /* AppDelegate.swift */ = {isa = PBXFileReference; lastKnownFileType = sourcecode.swift; path = AppDelegate.swift; sourceTree = "<group>"; };
		B5CA1ACD2090CE0F00C81085 /* ViewController.swift */ = {isa = PBXFileReference; lastKnownFileType = sourcecode.swift; path = ViewController.swift; sourceTree = "<group>"; };
		B5CA1ACF2090CE0F00C81085 /* Assets.xcassets */ = {isa = PBXFileReference; lastKnownFileType = folder.assetcatalog; path = Assets.xcassets; sourceTree = "<group>"; };
		B5CA1AD22090CE0F00C81085 /* Base */ = {isa = PBXFileReference; lastKnownFileType = file.storyboard; name = Base; path = Base.lproj/Main.storyboard; sourceTree = "<group>"; };
		B5CA1AD42090CE0F00C81085 /* Info.plist */ = {isa = PBXFileReference; lastKnownFileType = text.plist.xml; path = Info.plist; sourceTree = "<group>"; };
		B5CA1ADA2090CF4D00C81085 /* scripts */ = {isa = PBXFileReference; lastKnownFileType = folder; path = scripts; sourceTree = "<group>"; };
		B5CA1ADE209120EA00C81085 /* MigrateAsst.png */ = {isa = PBXFileReference; lastKnownFileType = image.png; path = MigrateAsst.png; sourceTree = "<group>"; };
		B5CA1AE02091215700C81085 /* logo.png */ = {isa = PBXFileReference; lastKnownFileType = image.png; path = logo.png; sourceTree = "<group>"; };
		CE724F3D2CF054FC00828330 /* Function.swift */ = {isa = PBXFileReference; lastKnownFileType = sourcecode.swift; path = Function.swift; sourceTree = "<group>"; };
		CE724F3F2CF15A1600828330 /* Credentials.swift */ = {isa = PBXFileReference; lastKnownFileType = sourcecode.swift; path = Credentials.swift; sourceTree = "<group>"; };
		CE724F412CF15AC900828330 /* WriteToLog.swift */ = {isa = PBXFileReference; lastKnownFileType = sourcecode.swift; path = WriteToLog.swift; sourceTree = "<group>"; };
		CE724F432CF15C3A00828330 /* TimeDelegate.swift */ = {isa = PBXFileReference; lastKnownFileType = sourcecode.swift; path = TimeDelegate.swift; sourceTree = "<group>"; };
/* End PBXFileReference section */

/* Begin PBXFrameworksBuildPhase section */
		B5CA1AC52090CE0F00C81085 /* Frameworks */ = {
			isa = PBXFrameworksBuildPhase;
			buildActionMask = 2147483647;
			files = (
			);
			runOnlyForDeploymentPostprocessing = 0;
		};
/* End PBXFrameworksBuildPhase section */

/* Begin PBXGroup section */
		B5CA1ABF2090CE0F00C81085 = {
			isa = PBXGroup;
			children = (
				B53AD9D422E1EC7E00C7CD02 /* Mobile to Local.entitlements */,
				B5CA1ACA2090CE0F00C81085 /* mobile_to_local */,
				B5CA1AC92090CE0F00C81085 /* Products */,
				B5ED9E9D28B0493C00ECA90E /* Frameworks */,
			);
			sourceTree = "<group>";
		};
		B5CA1AC92090CE0F00C81085 /* Products */ = {
			isa = PBXGroup;
			children = (
				B5CA1AC82090CE0F00C81085 /* Mobile to Local.app */,
			);
			name = Products;
			sourceTree = "<group>";
		};
		B5CA1ACA2090CE0F00C81085 /* mobile_to_local */ = {
			isa = PBXGroup;
			children = (
				CE724F3F2CF15A1600828330 /* Credentials.swift */,
				CE724F3D2CF054FC00828330 /* Function.swift */,
				B5CA1ACB2090CE0F00C81085 /* AppDelegate.swift */,
				B579196B25D0F8F900387324 /* LockScreenController.swift */,
				CE724F432CF15C3A00828330 /* TimeDelegate.swift */,
				B5CA1ACD2090CE0F00C81085 /* ViewController.swift */,
				CE724F412CF15AC900828330 /* WriteToLog.swift */,
				B5CA1ACF2090CE0F00C81085 /* Assets.xcassets */,
				B5CA1AD12090CE0F00C81085 /* Main.storyboard */,
				B5CA1AD42090CE0F00C81085 /* Info.plist */,
				B5CA1ADE209120EA00C81085 /* MigrateAsst.png */,
				B5CA1AE02091215700C81085 /* logo.png */,
				B5CA1ADA2090CF4D00C81085 /* scripts */,
			);
			path = mobile_to_local;
			sourceTree = "<group>";
		};
		B5ED9E9D28B0493C00ECA90E /* Frameworks */ = {
			isa = PBXGroup;
			children = (
			);
			name = Frameworks;
			sourceTree = "<group>";
		};
/* End PBXGroup section */

/* Begin PBXNativeTarget section */
		B5CA1AC72090CE0F00C81085 /* Mobile to Local */ = {
			isa = PBXNativeTarget;
			buildConfigurationList = B5CA1AD72090CE0F00C81085 /* Build configuration list for PBXNativeTarget "Mobile to Local" */;
			buildPhases = (
				B5CA1AC42090CE0F00C81085 /* Sources */,
				B5CA1AC52090CE0F00C81085 /* Frameworks */,
				B5CA1AC62090CE0F00C81085 /* Resources */,
			);
			buildRules = (
			);
			dependencies = (
			);
			name = "Mobile to Local";
			productName = mobile_to_local;
			productReference = B5CA1AC82090CE0F00C81085 /* Mobile to Local.app */;
			productType = "com.apple.product-type.application";
		};
/* End PBXNativeTarget section */

/* Begin PBXProject section */
		B5CA1AC02090CE0F00C81085 /* Project object */ = {
			isa = PBXProject;
			attributes = {
				BuildIndependentTargetsInParallel = YES;
				LastSwiftUpdateCheck = 0830;
				LastUpgradeCheck = 1610;
				ORGANIZATIONNAME = jamf;
				TargetAttributes = {
					B5CA1AC72090CE0F00C81085 = {
						CreatedOnToolsVersion = 8.3.3;
						DevelopmentTeam = PS2F6S478M;
						LastSwiftMigration = 1020;
						ProvisioningStyle = Automatic;
						SystemCapabilities = {
							com.apple.HardenedRuntime = {
								enabled = 1;
							};
						};
					};
				};
			};
			buildConfigurationList = B5CA1AC32090CE0F00C81085 /* Build configuration list for PBXProject "Mobile to Local" */;
			compatibilityVersion = "Xcode 10.0";
			developmentRegion = en;
			hasScannedForEncodings = 0;
			knownRegions = (
				en,
				Base,
			);
			mainGroup = B5CA1ABF2090CE0F00C81085;
			productRefGroup = B5CA1AC92090CE0F00C81085 /* Products */;
			projectDirPath = "";
			projectRoot = "";
			targets = (
				B5CA1AC72090CE0F00C81085 /* Mobile to Local */,
			);
		};
/* End PBXProject section */

/* Begin PBXResourcesBuildPhase section */
		B5CA1AC62090CE0F00C81085 /* Resources */ = {
			isa = PBXResourcesBuildPhase;
			buildActionMask = 2147483647;
			files = (
				B5CA1ADB2090CF4D00C81085 /* scripts in Resources */,
				B5CA1AE12091215700C81085 /* logo.png in Resources */,
				B5CA1AD02090CE0F00C81085 /* Assets.xcassets in Resources */,
				B5CA1ADF209120EA00C81085 /* MigrateAsst.png in Resources */,
				B5CA1AD32090CE0F00C81085 /* Main.storyboard in Resources */,
			);
			runOnlyForDeploymentPostprocessing = 0;
		};
/* End PBXResourcesBuildPhase section */

/* Begin PBXSourcesBuildPhase section */
		B5CA1AC42090CE0F00C81085 /* Sources */ = {
			isa = PBXSourcesBuildPhase;
			buildActionMask = 2147483647;
			files = (
				CE724F442CF15C3A00828330 /* TimeDelegate.swift in Sources */,
				B5CA1ACE2090CE0F00C81085 /* ViewController.swift in Sources */,
				CE724F422CF15AC900828330 /* WriteToLog.swift in Sources */,
				B579196C25D0F8F900387324 /* LockScreenController.swift in Sources */,
				CE724F402CF15A1600828330 /* Credentials.swift in Sources */,
				B5CA1ACC2090CE0F00C81085 /* AppDelegate.swift in Sources */,
				CE724F3E2CF0551300828330 /* Function.swift in Sources */,
			);
			runOnlyForDeploymentPostprocessing = 0;
		};
/* End PBXSourcesBuildPhase section */

/* Begin PBXVariantGroup section */
		B5CA1AD12090CE0F00C81085 /* Main.storyboard */ = {
			isa = PBXVariantGroup;
			children = (
				B5CA1AD22090CE0F00C81085 /* Base */,
			);
			name = Main.storyboard;
			sourceTree = "<group>";
		};
/* End PBXVariantGroup section */

/* Begin XCBuildConfiguration section */
		B5CA1AD52090CE0F00C81085 /* Debug */ = {
			isa = XCBuildConfiguration;
			buildSettings = {
				ALWAYS_SEARCH_USER_PATHS = NO;
				CLANG_ANALYZER_LOCALIZABILITY_NONLOCALIZED = YES;
				CLANG_ANALYZER_NONNULL = YES;
				CLANG_ANALYZER_NUMBER_OBJECT_CONVERSION = YES_AGGRESSIVE;
				CLANG_CXX_LANGUAGE_STANDARD = "gnu++0x";
				CLANG_CXX_LIBRARY = "libc++";
				CLANG_ENABLE_MODULES = YES;
				CLANG_ENABLE_OBJC_ARC = YES;
				CLANG_WARN_BLOCK_CAPTURE_AUTORELEASING = YES;
				CLANG_WARN_BOOL_CONVERSION = YES;
				CLANG_WARN_COMMA = YES;
				CLANG_WARN_CONSTANT_CONVERSION = YES;
				CLANG_WARN_DEPRECATED_OBJC_IMPLEMENTATIONS = YES;
				CLANG_WARN_DIRECT_OBJC_ISA_USAGE = YES_ERROR;
				CLANG_WARN_DOCUMENTATION_COMMENTS = YES;
				CLANG_WARN_EMPTY_BODY = YES;
				CLANG_WARN_ENUM_CONVERSION = YES;
				CLANG_WARN_INFINITE_RECURSION = YES;
				CLANG_WARN_INT_CONVERSION = YES;
				CLANG_WARN_NON_LITERAL_NULL_CONVERSION = YES;
				CLANG_WARN_OBJC_IMPLICIT_RETAIN_SELF = YES;
				CLANG_WARN_OBJC_LITERAL_CONVERSION = YES;
				CLANG_WARN_OBJC_ROOT_CLASS = YES_ERROR;
				CLANG_WARN_QUOTED_INCLUDE_IN_FRAMEWORK_HEADER = YES;
				CLANG_WARN_RANGE_LOOP_ANALYSIS = YES;
				CLANG_WARN_STRICT_PROTOTYPES = YES;
				CLANG_WARN_SUSPICIOUS_MOVE = YES;
				CLANG_WARN_UNREACHABLE_CODE = YES;
				CLANG_WARN__DUPLICATE_METHOD_MATCH = YES;
				CODE_SIGN_IDENTITY = "-";
				COPY_PHASE_STRIP = NO;
				DEAD_CODE_STRIPPING = YES;
				DEBUG_INFORMATION_FORMAT = dwarf;
				ENABLE_STRICT_OBJC_MSGSEND = YES;
				ENABLE_TESTABILITY = YES;
				ENABLE_USER_SCRIPT_SANDBOXING = YES;
				GCC_C_LANGUAGE_STANDARD = gnu99;
				GCC_DYNAMIC_NO_PIC = NO;
				GCC_NO_COMMON_BLOCKS = YES;
				GCC_OPTIMIZATION_LEVEL = 0;
				GCC_PREPROCESSOR_DEFINITIONS = (
					"DEBUG=1",
					"$(inherited)",
				);
				GCC_WARN_64_TO_32_BIT_CONVERSION = YES;
				GCC_WARN_ABOUT_RETURN_TYPE = YES_ERROR;
				GCC_WARN_UNDECLARED_SELECTOR = YES;
				GCC_WARN_UNINITIALIZED_AUTOS = YES_AGGRESSIVE;
				GCC_WARN_UNUSED_FUNCTION = YES;
				GCC_WARN_UNUSED_VARIABLE = YES;
				MACOSX_DEPLOYMENT_TARGET = 10.13;
				MTL_ENABLE_DEBUG_INFO = YES;
				ONLY_ACTIVE_ARCH = YES;
				SDKROOT = macosx;
				SWIFT_ACTIVE_COMPILATION_CONDITIONS = DEBUG;
				SWIFT_OPTIMIZATION_LEVEL = "-Onone";
			};
			name = Debug;
		};
		B5CA1AD62090CE0F00C81085 /* Release */ = {
			isa = XCBuildConfiguration;
			buildSettings = {
				ALWAYS_SEARCH_USER_PATHS = NO;
				CLANG_ANALYZER_LOCALIZABILITY_NONLOCALIZED = YES;
				CLANG_ANALYZER_NONNULL = YES;
				CLANG_ANALYZER_NUMBER_OBJECT_CONVERSION = YES_AGGRESSIVE;
				CLANG_CXX_LANGUAGE_STANDARD = "gnu++0x";
				CLANG_CXX_LIBRARY = "libc++";
				CLANG_ENABLE_MODULES = YES;
				CLANG_ENABLE_OBJC_ARC = YES;
				CLANG_WARN_BLOCK_CAPTURE_AUTORELEASING = YES;
				CLANG_WARN_BOOL_CONVERSION = YES;
				CLANG_WARN_COMMA = YES;
				CLANG_WARN_CONSTANT_CONVERSION = YES;
				CLANG_WARN_DEPRECATED_OBJC_IMPLEMENTATIONS = YES;
				CLANG_WARN_DIRECT_OBJC_ISA_USAGE = YES_ERROR;
				CLANG_WARN_DOCUMENTATION_COMMENTS = YES;
				CLANG_WARN_EMPTY_BODY = YES;
				CLANG_WARN_ENUM_CONVERSION = YES;
				CLANG_WARN_INFINITE_RECURSION = YES;
				CLANG_WARN_INT_CONVERSION = YES;
				CLANG_WARN_NON_LITERAL_NULL_CONVERSION = YES;
				CLANG_WARN_OBJC_IMPLICIT_RETAIN_SELF = YES;
				CLANG_WARN_OBJC_LITERAL_CONVERSION = YES;
				CLANG_WARN_OBJC_ROOT_CLASS = YES_ERROR;
				CLANG_WARN_QUOTED_INCLUDE_IN_FRAMEWORK_HEADER = YES;
				CLANG_WARN_RANGE_LOOP_ANALYSIS = YES;
				CLANG_WARN_STRICT_PROTOTYPES = YES;
				CLANG_WARN_SUSPICIOUS_MOVE = YES;
				CLANG_WARN_UNREACHABLE_CODE = YES;
				CLANG_WARN__DUPLICATE_METHOD_MATCH = YES;
				CODE_SIGN_IDENTITY = "-";
				COPY_PHASE_STRIP = NO;
				DEAD_CODE_STRIPPING = YES;
				DEBUG_INFORMATION_FORMAT = "dwarf-with-dsym";
				ENABLE_NS_ASSERTIONS = NO;
				ENABLE_STRICT_OBJC_MSGSEND = YES;
				ENABLE_USER_SCRIPT_SANDBOXING = YES;
				GCC_C_LANGUAGE_STANDARD = gnu99;
				GCC_NO_COMMON_BLOCKS = YES;
				GCC_WARN_64_TO_32_BIT_CONVERSION = YES;
				GCC_WARN_ABOUT_RETURN_TYPE = YES_ERROR;
				GCC_WARN_UNDECLARED_SELECTOR = YES;
				GCC_WARN_UNINITIALIZED_AUTOS = YES_AGGRESSIVE;
				GCC_WARN_UNUSED_FUNCTION = YES;
				GCC_WARN_UNUSED_VARIABLE = YES;
				MACOSX_DEPLOYMENT_TARGET = 10.13;
				MTL_ENABLE_DEBUG_INFO = NO;
				ONLY_ACTIVE_ARCH = NO;
				SDKROOT = macosx;
				SWIFT_COMPILATION_MODE = wholemodule;
				SWIFT_OPTIMIZATION_LEVEL = "-O";
			};
			name = Release;
		};
		B5CA1AD82090CE0F00C81085 /* Debug */ = {
			isa = XCBuildConfiguration;
			buildSettings = {
				ASSETCATALOG_COMPILER_APPICON_NAME = AppIcon;
				CODE_SIGN_ENTITLEMENTS = "Mobile to Local.entitlements";
				CODE_SIGN_IDENTITY = "Mac Developer";
				COMBINE_HIDPI_IMAGES = YES;
				DEAD_CODE_STRIPPING = YES;
				DEVELOPMENT_TEAM = PS2F6S478M;
				ENABLE_HARDENED_RUNTIME = YES;
				INFOPLIST_FILE = mobile_to_local/Info.plist;
				INFOPLIST_KEY_LSApplicationCategoryType = "public.app-category.utilities";
				LD_RUNPATH_SEARCH_PATHS = (
					"$(inherited)",
					"@executable_path/../Frameworks",
				);
				MACOSX_DEPLOYMENT_TARGET = 11.0;
				MARKETING_VERSION = 3.0.0;
				PRODUCT_BUNDLE_IDENTIFIER = "pse.jamf.mobile-to-local";
				PRODUCT_NAME = "$(TARGET_NAME)";
				PROVISIONING_PROFILE_SPECIFIER = "";
				SWIFT_VERSION = 5.0;
			};
			name = Debug;
		};
		B5CA1AD92090CE0F00C81085 /* Release */ = {
			isa = XCBuildConfiguration;
			buildSettings = {
				ASSETCATALOG_COMPILER_APPICON_NAME = AppIcon;
				CODE_SIGN_ENTITLEMENTS = "Mobile to Local.entitlements";
				CODE_SIGN_IDENTITY = "Mac Developer";
				COMBINE_HIDPI_IMAGES = YES;
				DEAD_CODE_STRIPPING = YES;
				DEVELOPMENT_TEAM = PS2F6S478M;
				ENABLE_HARDENED_RUNTIME = YES;
				INFOPLIST_FILE = mobile_to_local/Info.plist;
				INFOPLIST_KEY_LSApplicationCategoryType = "public.app-category.utilities";
				LD_RUNPATH_SEARCH_PATHS = (
					"$(inherited)",
					"@executable_path/../Frameworks",
				);
				MACOSX_DEPLOYMENT_TARGET = 11.0;
				MARKETING_VERSION = 3.0.0;
				PRODUCT_BUNDLE_IDENTIFIER = "pse.jamf.mobile-to-local";
				PRODUCT_NAME = "$(TARGET_NAME)";
				PROVISIONING_PROFILE_SPECIFIER = "";
				SWIFT_VERSION = 5.0;
			};
			name = Release;
		};
/* End XCBuildConfiguration section */

/* Begin XCConfigurationList section */
		B5CA1AC32090CE0F00C81085 /* Build configuration list for PBXProject "Mobile to Local" */ = {
			isa = XCConfigurationList;
			buildConfigurations = (
				B5CA1AD52090CE0F00C81085 /* Debug */,
				B5CA1AD62090CE0F00C81085 /* Release */,
			);
			defaultConfigurationIsVisible = 0;
			defaultConfigurationName = Release;
		};
		B5CA1AD72090CE0F00C81085 /* Build configuration list for PBXNativeTarget "Mobile to Local" */ = {
			isa = XCConfigurationList;
			buildConfigurations = (
				B5CA1AD82090CE0F00C81085 /* Debug */,
				B5CA1AD92090CE0F00C81085 /* Release */,
			);
			defaultConfigurationIsVisible = 0;
			defaultConfigurationName = Release;
		};
/* End XCConfigurationList section */
	};
	rootObject = B5CA1AC02090CE0F00C81085 /* Project object */;
}
